// !$*UTF8*$!
{
	archiveVersion = 1;
	classes = {
	};
	objectVersion = 46;
	objects = {

/* Begin PBXBuildFile section */
		0D0271EE182D119F00C35B94 /* Foundation.framework in Frameworks */ = {isa = PBXBuildFile; fileRef = 0D0271ED182D119F00C35B94 /* Foundation.framework */; };
		0D0271F0182D119F00C35B94 /* CoreGraphics.framework in Frameworks */ = {isa = PBXBuildFile; fileRef = 0D0271EF182D119F00C35B94 /* CoreGraphics.framework */; };
		0D0271F2182D119F00C35B94 /* UIKit.framework in Frameworks */ = {isa = PBXBuildFile; fileRef = 0D0271F1182D119F00C35B94 /* UIKit.framework */; };
		0D0271F8182D119F00C35B94 /* InfoPlist.strings in Resources */ = {isa = PBXBuildFile; fileRef = 0D0271F6182D119F00C35B94 /* InfoPlist.strings */; };
		0D0271FA182D119F00C35B94 /* main.m in Sources */ = {isa = PBXBuildFile; fileRef = 0D0271F9182D119F00C35B94 /* main.m */; };
		0D0271FE182D119F00C35B94 /* smsmainviewcontrollerAppDelegate.m in Sources */ = {isa = PBXBuildFile; fileRef = 0D0271FD182D119F00C35B94 /* smsmainviewcontrollerAppDelegate.m */; };
		0D027201182D119F00C35B94 /* Main.storyboard in Resources */ = {isa = PBXBuildFile; fileRef = 0D0271FF182D119F00C35B94 /* Main.storyboard */; };
		0D027204182D119F00C35B94 /* smsmainviewcontrollerViewController.m in Sources */ = {isa = PBXBuildFile; fileRef = 0D027203182D119F00C35B94 /* smsmainviewcontrollerViewController.m */; };
		0D027206182D119F00C35B94 /* Images.xcassets in Resources */ = {isa = PBXBuildFile; fileRef = 0D027205182D119F00C35B94 /* Images.xcassets */; };
		0D02720D182D119F00C35B94 /* XCTest.framework in Frameworks */ = {isa = PBXBuildFile; fileRef = 0D02720C182D119F00C35B94 /* XCTest.framework */; };
		0D02720E182D119F00C35B94 /* Foundation.framework in Frameworks */ = {isa = PBXBuildFile; fileRef = 0D0271ED182D119F00C35B94 /* Foundation.framework */; };
		0D02720F182D119F00C35B94 /* UIKit.framework in Frameworks */ = {isa = PBXBuildFile; fileRef = 0D0271F1182D119F00C35B94 /* UIKit.framework */; };
		0D027217182D119F00C35B94 /* InfoPlist.strings in Resources */ = {isa = PBXBuildFile; fileRef = 0D027215182D119F00C35B94 /* InfoPlist.strings */; };
		0D027219182D119F00C35B94 /* SMSIPADTests.m in Sources */ = {isa = PBXBuildFile; fileRef = 0D027218182D119F00C35B94 /* SMSIPADTests.m */; };
		0D2F5057183205F400056E53 /* WelcomeViewController.m in Sources */ = {isa = PBXBuildFile; fileRef = 0D2F5056183205F400056E53 /* WelcomeViewController.m */; };
		0D2F505A18320FA400056E53 /* BlockAlertView.m in Sources */ = {isa = PBXBuildFile; fileRef = 0D2F505918320FA400056E53 /* BlockAlertView.m */; };
		0D2F505D18320FB100056E53 /* BlockBackground.m in Sources */ = {isa = PBXBuildFile; fileRef = 0D2F505C18320FB100056E53 /* BlockBackground.m */; };
		0D2F50601832105E00056E53 /* alert.png in Resources */ = {isa = PBXBuildFile; fileRef = 0D2F505F1832105E00056E53 /* alert.png */; };
		0D2F50621832106300056E53 /* alert@2x.png in Resources */ = {isa = PBXBuildFile; fileRef = 0D2F50611832106300056E53 /* alert@2x.png */; };
		0D2F50671832393900056E53 /* signupViewController.m in Sources */ = {isa = PBXBuildFile; fileRef = 0D2F50661832393900056E53 /* signupViewController.m */; };
		0D2F506A1832446800056E53 /* signup2ViewController.m in Sources */ = {isa = PBXBuildFile; fileRef = 0D2F50691832446800056E53 /* signup2ViewController.m */; };
		0D2F5071183250F400056E53 /* signup3ViewController.m in Sources */ = {isa = PBXBuildFile; fileRef = 0D2F5070183250F400056E53 /* signup3ViewController.m */; };
		0D55AA8F18339E7D006DC806 /* alert_bg.png in Resources */ = {isa = PBXBuildFile; fileRef = 0D55AA8E18339E7D006DC806 /* alert_bg.png */; };
		0D55AA9118339E83006DC806 /* alert_bg@2x.png in Resources */ = {isa = PBXBuildFile; fileRef = 0D55AA9018339E83006DC806 /* alert_bg@2x.png */; };
		0D55AA941833CF43006DC806 /* Reachability.m in Sources */ = {isa = PBXBuildFile; fileRef = 0D55AA931833CF43006DC806 /* Reachability.m */; };
		0D55AA971833CF60006DC806 /* MBProgressHUD.m in Sources */ = {isa = PBXBuildFile; fileRef = 0D55AA961833CF60006DC806 /* MBProgressHUD.m */; };
		0D55AA9A1833CF90006DC806 /* fileMngr.m in Sources */ = {isa = PBXBuildFile; fileRef = 0D55AA991833CF90006DC806 /* fileMngr.m */; };
		0D55AA9C1833D2EB006DC806 /* alert-red-button.png in Resources */ = {isa = PBXBuildFile; fileRef = 0D55AA9B1833D2EB006DC806 /* alert-red-button.png */; };
		0D55AA9E1833D2F4006DC806 /* alert-red-button@2x.png in Resources */ = {isa = PBXBuildFile; fileRef = 0D55AA9D1833D2F4006DC806 /* alert-red-button@2x.png */; };
		0D55AAA01833D2F8006DC806 /* alert-gray-button@2x.png in Resources */ = {isa = PBXBuildFile; fileRef = 0D55AA9F1833D2F8006DC806 /* alert-gray-button@2x.png */; };
		0D55AAA21833D2FE006DC806 /* alert-gray-button.png in Resources */ = {isa = PBXBuildFile; fileRef = 0D55AAA11833D2FE006DC806 /* alert-gray-button.png */; };
		0D55AAA41833D305006DC806 /* alert-black-button.png in Resources */ = {isa = PBXBuildFile; fileRef = 0D55AAA31833D305006DC806 /* alert-black-button.png */; };
		0D55AAA61833D30B006DC806 /* alert-black-button@2x.png in Resources */ = {isa = PBXBuildFile; fileRef = 0D55AAA51833D30B006DC806 /* alert-black-button@2x.png */; };
		0D55AAA81833D31D006DC806 /* alert-window@2x.png in Resources */ = {isa = PBXBuildFile; fileRef = 0D55AAA71833D31D006DC806 /* alert-window@2x.png */; };
		0D55AAAA1833D326006DC806 /* alert-window.png in Resources */ = {isa = PBXBuildFile; fileRef = 0D55AAA91833D326006DC806 /* alert-window.png */; };
		0D55AAAC1833D3FA006DC806 /* JSON in Resources */ = {isa = PBXBuildFile; fileRef = 0D55AAAB1833D3FA006DC806 /* JSON */; };
/* End PBXBuildFile section */

/* Begin PBXContainerItemProxy section */
		0D027210182D119F00C35B94 /* PBXContainerItemProxy */ = {
			isa = PBXContainerItemProxy;
			containerPortal = 0D0271E2182D119F00C35B94 /* Project object */;
			proxyType = 1;
			remoteGlobalIDString = 0D0271E9182D119F00C35B94;
			remoteInfo = SMSIPAD;
		};
/* End PBXContainerItemProxy section */

/* Begin PBXFileReference section */
		0D0271EA182D119F00C35B94 /* SMSIPAD.app */ = {isa = PBXFileReference; explicitFileType = wrapper.application; includeInIndex = 0; path = SMSIPAD.app; sourceTree = BUILT_PRODUCTS_DIR; };
		0D0271ED182D119F00C35B94 /* Foundation.framework */ = {isa = PBXFileReference; lastKnownFileType = wrapper.framework; name = Foundation.framework; path = System/Library/Frameworks/Foundation.framework; sourceTree = SDKROOT; };
		0D0271EF182D119F00C35B94 /* CoreGraphics.framework */ = {isa = PBXFileReference; lastKnownFileType = wrapper.framework; name = CoreGraphics.framework; path = System/Library/Frameworks/CoreGraphics.framework; sourceTree = SDKROOT; };
		0D0271F1182D119F00C35B94 /* UIKit.framework */ = {isa = PBXFileReference; lastKnownFileType = wrapper.framework; name = UIKit.framework; path = System/Library/Frameworks/UIKit.framework; sourceTree = SDKROOT; };
		0D0271F5182D119F00C35B94 /* SMSIPAD-Info.plist */ = {isa = PBXFileReference; lastKnownFileType = text.plist.xml; path = "SMSIPAD-Info.plist"; sourceTree = "<group>"; };
		0D0271F7182D119F00C35B94 /* en */ = {isa = PBXFileReference; lastKnownFileType = text.plist.strings; name = en; path = en.lproj/InfoPlist.strings; sourceTree = "<group>"; };
		0D0271F9182D119F00C35B94 /* main.m */ = {isa = PBXFileReference; lastKnownFileType = sourcecode.c.objc; path = main.m; sourceTree = "<group>"; };
		0D0271FB182D119F00C35B94 /* SMSIPAD-Prefix.pch */ = {isa = PBXFileReference; lastKnownFileType = sourcecode.c.h; path = "SMSIPAD-Prefix.pch"; sourceTree = "<group>"; };
		0D0271FC182D119F00C35B94 /* smsmainviewcontrollerAppDelegate.h */ = {isa = PBXFileReference; lastKnownFileType = sourcecode.c.h; path = smsmainviewcontrollerAppDelegate.h; sourceTree = "<group>"; };
		0D0271FD182D119F00C35B94 /* smsmainviewcontrollerAppDelegate.m */ = {isa = PBXFileReference; lastKnownFileType = sourcecode.c.objc; path = smsmainviewcontrollerAppDelegate.m; sourceTree = "<group>"; };
		0D027200182D119F00C35B94 /* Base */ = {isa = PBXFileReference; lastKnownFileType = file.storyboard; name = Base; path = Base.lproj/Main.storyboard; sourceTree = "<group>"; };
		0D027202182D119F00C35B94 /* smsmainviewcontrollerViewController.h */ = {isa = PBXFileReference; lastKnownFileType = sourcecode.c.h; path = smsmainviewcontrollerViewController.h; sourceTree = "<group>"; };
		0D027203182D119F00C35B94 /* smsmainviewcontrollerViewController.m */ = {isa = PBXFileReference; lastKnownFileType = sourcecode.c.objc; path = smsmainviewcontrollerViewController.m; sourceTree = "<group>"; };
		0D027205182D119F00C35B94 /* Images.xcassets */ = {isa = PBXFileReference; lastKnownFileType = folder.assetcatalog; path = Images.xcassets; sourceTree = "<group>"; };
		0D02720B182D119F00C35B94 /* SMSIPADTests.xctest */ = {isa = PBXFileReference; explicitFileType = wrapper.cfbundle; includeInIndex = 0; path = SMSIPADTests.xctest; sourceTree = BUILT_PRODUCTS_DIR; };
		0D02720C182D119F00C35B94 /* XCTest.framework */ = {isa = PBXFileReference; lastKnownFileType = wrapper.framework; name = XCTest.framework; path = Library/Frameworks/XCTest.framework; sourceTree = DEVELOPER_DIR; };
		0D027214182D119F00C35B94 /* SMSIPADTests-Info.plist */ = {isa = PBXFileReference; lastKnownFileType = text.plist.xml; path = "SMSIPADTests-Info.plist"; sourceTree = "<group>"; };
		0D027216182D119F00C35B94 /* en */ = {isa = PBXFileReference; lastKnownFileType = text.plist.strings; name = en; path = en.lproj/InfoPlist.strings; sourceTree = "<group>"; };
		0D027218182D119F00C35B94 /* SMSIPADTests.m */ = {isa = PBXFileReference; lastKnownFileType = sourcecode.c.objc; path = SMSIPADTests.m; sourceTree = "<group>"; };
		0D2F5055183205F400056E53 /* WelcomeViewController.h */ = {isa = PBXFileReference; fileEncoding = 4; lastKnownFileType = sourcecode.c.h; path = WelcomeViewController.h; sourceTree = "<group>"; };
		0D2F5056183205F400056E53 /* WelcomeViewController.m */ = {isa = PBXFileReference; fileEncoding = 4; lastKnownFileType = sourcecode.c.objc; path = WelcomeViewController.m; sourceTree = "<group>"; };
		0D2F505818320F9F00056E53 /* BlockAlertView.h */ = {isa = PBXFileReference; lastKnownFileType = sourcecode.c.h; path = BlockAlertView.h; sourceTree = "<group>"; };
		0D2F505918320FA400056E53 /* BlockAlertView.m */ = {isa = PBXFileReference; fileEncoding = 4; lastKnownFileType = sourcecode.c.objc; path = BlockAlertView.m; sourceTree = "<group>"; };
		0D2F505B18320FAA00056E53 /* BlockBackground.h */ = {isa = PBXFileReference; lastKnownFileType = sourcecode.c.h; path = BlockBackground.h; sourceTree = "<group>"; };
		0D2F505C18320FB100056E53 /* BlockBackground.m */ = {isa = PBXFileReference; fileEncoding = 4; lastKnownFileType = sourcecode.c.objc; name = BlockBackground.m; path = SMSIPAD/BlockBackground.m; sourceTree = "<group>"; };
		0D2F505E1832104B00056E53 /* BlockUI.h */ = {isa = PBXFileReference; lastKnownFileType = sourcecode.c.h; path = BlockUI.h; sourceTree = "<group>"; };
		0D2F505F1832105E00056E53 /* alert.png */ = {isa = PBXFileReference; lastKnownFileType = image.png; path = alert.png; sourceTree = "<group>"; };
		0D2F50611832106300056E53 /* alert@2x.png */ = {isa = PBXFileReference; lastKnownFileType = image.png; path = "alert@2x.png"; sourceTree = "<group>"; };
		0D2F50651832393900056E53 /* signupViewController.h */ = {isa = PBXFileReference; fileEncoding = 4; lastKnownFileType = sourcecode.c.h; path = signupViewController.h; sourceTree = "<group>"; };
		0D2F50661832393900056E53 /* signupViewController.m */ = {isa = PBXFileReference; fileEncoding = 4; lastKnownFileType = sourcecode.c.objc; path = signupViewController.m; sourceTree = "<group>"; };
		0D2F50681832446800056E53 /* signup2ViewController.h */ = {isa = PBXFileReference; fileEncoding = 4; lastKnownFileType = sourcecode.c.h; path = signup2ViewController.h; sourceTree = "<group>"; };
		0D2F50691832446800056E53 /* signup2ViewController.m */ = {isa = PBXFileReference; fileEncoding = 4; lastKnownFileType = sourcecode.c.objc; path = signup2ViewController.m; sourceTree = "<group>"; };
		0D2F506F183250F400056E53 /* signup3ViewController.h */ = {isa = PBXFileReference; fileEncoding = 4; lastKnownFileType = sourcecode.c.h; path = signup3ViewController.h; sourceTree = "<group>"; };
		0D2F5070183250F400056E53 /* signup3ViewController.m */ = {isa = PBXFileReference; fileEncoding = 4; lastKnownFileType = sourcecode.c.objc; path = signup3ViewController.m; sourceTree = "<group>"; };
		0D55AA8E18339E7D006DC806 /* alert_bg.png */ = {isa = PBXFileReference; lastKnownFileType = image.png; path = alert_bg.png; sourceTree = "<group>"; };
		0D55AA9018339E83006DC806 /* alert_bg@2x.png */ = {isa = PBXFileReference; lastKnownFileType = image.png; path = "alert_bg@2x.png"; sourceTree = "<group>"; };
		0D55AA921833CF35006DC806 /* MBProgressHUD.h */ = {isa = PBXFileReference; lastKnownFileType = sourcecode.c.h; path = MBProgressHUD.h; sourceTree = "<group>"; };
		0D55AA931833CF43006DC806 /* Reachability.m */ = {isa = PBXFileReference; fileEncoding = 4; lastKnownFileType = sourcecode.c.objc; path = Reachability.m; sourceTree = "<group>"; };
		0D55AA951833CF48006DC806 /* Reachability.h */ = {isa = PBXFileReference; lastKnownFileType = sourcecode.c.h; path = Reachability.h; sourceTree = "<group>"; };
		0D55AA961833CF60006DC806 /* MBProgressHUD.m */ = {isa = PBXFileReference; fileEncoding = 4; lastKnownFileType = sourcecode.c.objc; path = MBProgressHUD.m; sourceTree = "<group>"; };
		0D55AA981833CF8D006DC806 /* fileMngr.h */ = {isa = PBXFileReference; lastKnownFileType = sourcecode.c.h; path = fileMngr.h; sourceTree = "<group>"; };
		0D55AA991833CF90006DC806 /* fileMngr.m */ = {isa = PBXFileReference; fileEncoding = 4; lastKnownFileType = sourcecode.c.objc; path = fileMngr.m; sourceTree = "<group>"; };
		0D55AA9B1833D2EB006DC806 /* alert-red-button.png */ = {isa = PBXFileReference; lastKnownFileType = image.png; path = "alert-red-button.png"; sourceTree = "<group>"; };
		0D55AA9D1833D2F4006DC806 /* alert-red-button@2x.png */ = {isa = PBXFileReference; lastKnownFileType = image.png; path = "alert-red-button@2x.png"; sourceTree = "<group>"; };
		0D55AA9F1833D2F8006DC806 /* alert-gray-button@2x.png */ = {isa = PBXFileReference; lastKnownFileType = image.png; path = "alert-gray-button@2x.png"; sourceTree = "<group>"; };
		0D55AAA11833D2FE006DC806 /* alert-gray-button.png */ = {isa = PBXFileReference; lastKnownFileType = image.png; path = "alert-gray-button.png"; sourceTree = "<group>"; };
		0D55AAA31833D305006DC806 /* alert-black-button.png */ = {isa = PBXFileReference; lastKnownFileType = image.png; path = "alert-black-button.png"; sourceTree = "<group>"; };
		0D55AAA51833D30B006DC806 /* alert-black-button@2x.png */ = {isa = PBXFileReference; lastKnownFileType = image.png; path = "alert-black-button@2x.png"; sourceTree = "<group>"; };
		0D55AAA71833D31D006DC806 /* alert-window@2x.png */ = {isa = PBXFileReference; lastKnownFileType = image.png; path = "alert-window@2x.png"; sourceTree = "<group>"; };
		0D55AAA91833D326006DC806 /* alert-window.png */ = {isa = PBXFileReference; lastKnownFileType = image.png; path = "alert-window.png"; sourceTree = "<group>"; };
		0D55AAAB1833D3FA006DC806 /* JSON */ = {isa = PBXFileReference; lastKnownFileType = folder; path = JSON; sourceTree = "<group>"; };
/* End PBXFileReference section */

/* Begin PBXFrameworksBuildPhase section */
		0D0271E7182D119F00C35B94 /* Frameworks */ = {
			isa = PBXFrameworksBuildPhase;
			buildActionMask = 2147483647;
			files = (
				0D0271F0182D119F00C35B94 /* CoreGraphics.framework in Frameworks */,
				0D0271F2182D119F00C35B94 /* UIKit.framework in Frameworks */,
				0D0271EE182D119F00C35B94 /* Foundation.framework in Frameworks */,
			);
			runOnlyForDeploymentPostprocessing = 0;
		};
		0D027208182D119F00C35B94 /* Frameworks */ = {
			isa = PBXFrameworksBuildPhase;
			buildActionMask = 2147483647;
			files = (
				0D02720D182D119F00C35B94 /* XCTest.framework in Frameworks */,
				0D02720F182D119F00C35B94 /* UIKit.framework in Frameworks */,
				0D02720E182D119F00C35B94 /* Foundation.framework in Frameworks */,
			);
			runOnlyForDeploymentPostprocessing = 0;
		};
/* End PBXFrameworksBuildPhase section */

/* Begin PBXGroup section */
		0D0271E1182D119F00C35B94 = {
			isa = PBXGroup;
			children = (
				0D55AAAB1833D3FA006DC806 /* JSON */,
				0D55AA931833CF43006DC806 /* Reachability.m */,
				0D55AA991833CF90006DC806 /* fileMngr.m */,
				0D55AA981833CF8D006DC806 /* fileMngr.h */,
				0D55AA921833CF35006DC806 /* MBProgressHUD.h */,
				0D55AA961833CF60006DC806 /* MBProgressHUD.m */,
				0D55AA951833CF48006DC806 /* Reachability.h */,
				0D2F50641832391100056E53 /* SignUp */,
				0D2F50631832107500056E53 /* Block Alert view */,
				0D2F5054183205C500056E53 /* Welcome */,
				0D0271F3182D119F00C35B94 /* SMSIPAD */,
				0D027212182D119F00C35B94 /* SMSIPADTests */,
				0D0271EC182D119F00C35B94 /* Frameworks */,
				0D0271EB182D119F00C35B94 /* Products */,
			);
			sourceTree = "<group>";
		};
		0D0271EB182D119F00C35B94 /* Products */ = {
			isa = PBXGroup;
			children = (
				0D0271EA182D119F00C35B94 /* SMSIPAD.app */,
				0D02720B182D119F00C35B94 /* SMSIPADTests.xctest */,
			);
			name = Products;
			sourceTree = "<group>";
		};
		0D0271EC182D119F00C35B94 /* Frameworks */ = {
			isa = PBXGroup;
			children = (
				0D0271ED182D119F00C35B94 /* Foundation.framework */,
				0D0271EF182D119F00C35B94 /* CoreGraphics.framework */,
				0D0271F1182D119F00C35B94 /* UIKit.framework */,
				0D02720C182D119F00C35B94 /* XCTest.framework */,
			);
			name = Frameworks;
			sourceTree = "<group>";
		};
		0D0271F3182D119F00C35B94 /* SMSIPAD */ = {
			isa = PBXGroup;
			children = (
				0D0271FC182D119F00C35B94 /* smsmainviewcontrollerAppDelegate.h */,
				0D0271FD182D119F00C35B94 /* smsmainviewcontrollerAppDelegate.m */,
				0D0271FF182D119F00C35B94 /* Main.storyboard */,
				0D027202182D119F00C35B94 /* smsmainviewcontrollerViewController.h */,
				0D027203182D119F00C35B94 /* smsmainviewcontrollerViewController.m */,
				0D027205182D119F00C35B94 /* Images.xcassets */,
				0D0271F4182D119F00C35B94 /* Supporting Files */,
			);
			path = SMSIPAD;
			sourceTree = "<group>";
		};
		0D0271F4182D119F00C35B94 /* Supporting Files */ = {
			isa = PBXGroup;
			children = (
				0D0271F5182D119F00C35B94 /* SMSIPAD-Info.plist */,
				0D0271F6182D119F00C35B94 /* InfoPlist.strings */,
				0D0271F9182D119F00C35B94 /* main.m */,
				0D0271FB182D119F00C35B94 /* SMSIPAD-Prefix.pch */,
			);
			name = "Supporting Files";
			sourceTree = "<group>";
		};
		0D027212182D119F00C35B94 /* SMSIPADTests */ = {
			isa = PBXGroup;
			children = (
				0D027218182D119F00C35B94 /* SMSIPADTests.m */,
				0D027213182D119F00C35B94 /* Supporting Files */,
			);
			path = SMSIPADTests;
			sourceTree = "<group>";
		};
		0D027213182D119F00C35B94 /* Supporting Files */ = {
			isa = PBXGroup;
			children = (
				0D027214182D119F00C35B94 /* SMSIPADTests-Info.plist */,
				0D027215182D119F00C35B94 /* InfoPlist.strings */,
			);
			name = "Supporting Files";
			sourceTree = "<group>";
		};
		0D2F5054183205C500056E53 /* Welcome */ = {
			isa = PBXGroup;
			children = (
				0D2F5055183205F400056E53 /* WelcomeViewController.h */,
				0D2F5056183205F400056E53 /* WelcomeViewController.m */,
			);
			name = Welcome;
			sourceTree = "<group>";
		};
		0D2F50631832107500056E53 /* Block Alert view */ = {
			isa = PBXGroup;
			children = (
				0D2F505818320F9F00056E53 /* BlockAlertView.h */,
				0D2F505C18320FB100056E53 /* BlockBackground.m */,
				0D55AAA11833D2FE006DC806 /* alert-gray-button.png */,
				0D55AAA71833D31D006DC806 /* alert-window@2x.png */,
				0D55AA9F1833D2F8006DC806 /* alert-gray-button@2x.png */,
				0D55AA9D1833D2F4006DC806 /* alert-red-button@2x.png */,
				0D55AAA91833D326006DC806 /* alert-window.png */,
				0D55AAA51833D30B006DC806 /* alert-black-button@2x.png */,
				0D55AAA31833D305006DC806 /* alert-black-button.png */,
				0D2F505E1832104B00056E53 /* BlockUI.h */,
				0D55AA9B1833D2EB006DC806 /* alert-red-button.png */,
				0D2F505918320FA400056E53 /* BlockAlertView.m */,
				0D2F505F1832105E00056E53 /* alert.png */,
				0D2F505B18320FAA00056E53 /* BlockBackground.h */,
				0D2F50611832106300056E53 /* alert@2x.png */,
			);
			name = "Block Alert view";
			sourceTree = "<group>";
		};
		0D2F50641832391100056E53 /* SignUp */ = {
			isa = PBXGroup;
			children = (
				0D55AA8E18339E7D006DC806 /* alert_bg.png */,
				0D2F50651832393900056E53 /* signupViewController.h */,
				0D2F50661832393900056E53 /* signupViewController.m */,
				0D2F50681832446800056E53 /* signup2ViewController.h */,
				0D2F50691832446800056E53 /* signup2ViewController.m */,
				0D55AA9018339E83006DC806 /* alert_bg@2x.png */,
				0D2F506F183250F400056E53 /* signup3ViewController.h */,
				0D2F5070183250F400056E53 /* signup3ViewController.m */,
			);
			name = SignUp;
			sourceTree = "<group>";
		};
/* End PBXGroup section */

/* Begin PBXNativeTarget section */
		0D0271E9182D119F00C35B94 /* SMSIPAD */ = {
			isa = PBXNativeTarget;
			buildConfigurationList = 0D02721C182D119F00C35B94 /* Build configuration list for PBXNativeTarget "SMSIPAD" */;
			buildPhases = (
				0D0271E6182D119F00C35B94 /* Sources */,
				0D0271E7182D119F00C35B94 /* Frameworks */,
				0D0271E8182D119F00C35B94 /* Resources */,
			);
			buildRules = (
			);
			dependencies = (
			);
			name = SMSIPAD;
			productName = SMSIPAD;
			productReference = 0D0271EA182D119F00C35B94 /* SMSIPAD.app */;
			productType = "com.apple.product-type.application";
		};
		0D02720A182D119F00C35B94 /* SMSIPADTests */ = {
			isa = PBXNativeTarget;
			buildConfigurationList = 0D02721F182D119F00C35B94 /* Build configuration list for PBXNativeTarget "SMSIPADTests" */;
			buildPhases = (
				0D027207182D119F00C35B94 /* Sources */,
				0D027208182D119F00C35B94 /* Frameworks */,
				0D027209182D119F00C35B94 /* Resources */,
			);
			buildRules = (
			);
			dependencies = (
				0D027211182D119F00C35B94 /* PBXTargetDependency */,
			);
			name = SMSIPADTests;
			productName = SMSIPADTests;
			productReference = 0D02720B182D119F00C35B94 /* SMSIPADTests.xctest */;
			productType = "com.apple.product-type.bundle.unit-test";
		};
/* End PBXNativeTarget section */

/* Begin PBXProject section */
		0D0271E2182D119F00C35B94 /* Project object */ = {
			isa = PBXProject;
			attributes = {
				CLASSPREFIX = smsmainviewcontroller;
				LastUpgradeCheck = 0500;
				ORGANIZATIONNAME = DeemSysInc;
				TargetAttributes = {
					0D02720A182D119F00C35B94 = {
						TestTargetID = 0D0271E9182D119F00C35B94;
					};
				};
			};
			buildConfigurationList = 0D0271E5182D119F00C35B94 /* Build configuration list for PBXProject "SMSIPAD" */;
			compatibilityVersion = "Xcode 3.2";
			developmentRegion = English;
			hasScannedForEncodings = 0;
			knownRegions = (
				en,
				Base,
			);
			mainGroup = 0D0271E1182D119F00C35B94;
			productRefGroup = 0D0271EB182D119F00C35B94 /* Products */;
			projectDirPath = "";
			projectRoot = "";
			targets = (
				0D0271E9182D119F00C35B94 /* SMSIPAD */,
				0D02720A182D119F00C35B94 /* SMSIPADTests */,
			);
		};
/* End PBXProject section */

/* Begin PBXResourcesBuildPhase section */
		0D0271E8182D119F00C35B94 /* Resources */ = {
			isa = PBXResourcesBuildPhase;
			buildActionMask = 2147483647;
			files = (
				0D55AAA41833D305006DC806 /* alert-black-button.png in Resources */,
				0D55AA9C1833D2EB006DC806 /* alert-red-button.png in Resources */,
				0D2F50601832105E00056E53 /* alert.png in Resources */,
				0D2F50621832106300056E53 /* alert@2x.png in Resources */,
				0D027206182D119F00C35B94 /* Images.xcassets in Resources */,
				0D55AAA21833D2FE006DC806 /* alert-gray-button.png in Resources */,
				0D55AA8F18339E7D006DC806 /* alert_bg.png in Resources */,
				0D55AAA81833D31D006DC806 /* alert-window@2x.png in Resources */,
				0D0271F8182D119F00C35B94 /* InfoPlist.strings in Resources */,
				0D55AAA61833D30B006DC806 /* alert-black-button@2x.png in Resources */,
				0D55AAAA1833D326006DC806 /* alert-window.png in Resources */,
				0D55AAA01833D2F8006DC806 /* alert-gray-button@2x.png in Resources */,
				0D027201182D119F00C35B94 /* Main.storyboard in Resources */,
				0D55AA9118339E83006DC806 /* alert_bg@2x.png in Resources */,
				0D55AAAC1833D3FA006DC806 /* JSON in Resources */,
				0D55AA9E1833D2F4006DC806 /* alert-red-button@2x.png in Resources */,
			);
			runOnlyForDeploymentPostprocessing = 0;
		};
		0D027209182D119F00C35B94 /* Resources */ = {
			isa = PBXResourcesBuildPhase;
			buildActionMask = 2147483647;
			files = (
				0D027217182D119F00C35B94 /* InfoPlist.strings in Resources */,
			);
			runOnlyForDeploymentPostprocessing = 0;
		};
/* End PBXResourcesBuildPhase section */

/* Begin PBXSourcesBuildPhase section */
		0D0271E6182D119F00C35B94 /* Sources */ = {
			isa = PBXSourcesBuildPhase;
			buildActionMask = 2147483647;
			files = (
				0D0271FE182D119F00C35B94 /* smsmainviewcontrollerAppDelegate.m in Sources */,
				0D2F506A1832446800056E53 /* signup2ViewController.m in Sources */,
				0D2F5057183205F400056E53 /* WelcomeViewController.m in Sources */,
				0D2F5071183250F400056E53 /* signup3ViewController.m in Sources */,
				0D55AA971833CF60006DC806 /* MBProgressHUD.m in Sources */,
				0D55AA9A1833CF90006DC806 /* fileMngr.m in Sources */,
				0D55AA941833CF43006DC806 /* Reachability.m in Sources */,
				0D2F505A18320FA400056E53 /* BlockAlertView.m in Sources */,
				0D2F505D18320FB100056E53 /* BlockBackground.m in Sources */,
				0D2F50671832393900056E53 /* signupViewController.m in Sources */,
				0D0271FA182D119F00C35B94 /* main.m in Sources */,
				0D027204182D119F00C35B94 /* smsmainviewcontrollerViewController.m in Sources */,
			);
			runOnlyForDeploymentPostprocessing = 0;
		};
		0D027207182D119F00C35B94 /* Sources */ = {
			isa = PBXSourcesBuildPhase;
			buildActionMask = 2147483647;
			files = (
				0D027219182D119F00C35B94 /* SMSIPADTests.m in Sources */,
			);
			runOnlyForDeploymentPostprocessing = 0;
		};
/* End PBXSourcesBuildPhase section */

/* Begin PBXTargetDependency section */
		0D027211182D119F00C35B94 /* PBXTargetDependency */ = {
			isa = PBXTargetDependency;
			target = 0D0271E9182D119F00C35B94 /* SMSIPAD */;
			targetProxy = 0D027210182D119F00C35B94 /* PBXContainerItemProxy */;
		};
/* End PBXTargetDependency section */

/* Begin PBXVariantGroup section */
		0D0271F6182D119F00C35B94 /* InfoPlist.strings */ = {
			isa = PBXVariantGroup;
			children = (
				0D0271F7182D119F00C35B94 /* en */,
			);
			name = InfoPlist.strings;
			sourceTree = "<group>";
		};
		0D0271FF182D119F00C35B94 /* Main.storyboard */ = {
			isa = PBXVariantGroup;
			children = (
				0D027200182D119F00C35B94 /* Base */,
			);
			name = Main.storyboard;
			sourceTree = "<group>";
		};
		0D027215182D119F00C35B94 /* InfoPlist.strings */ = {
			isa = PBXVariantGroup;
			children = (
				0D027216182D119F00C35B94 /* en */,
			);
			name = InfoPlist.strings;
			sourceTree = "<group>";
		};
/* End PBXVariantGroup section */

/* Begin XCBuildConfiguration section */
		0D02721A182D119F00C35B94 /* Debug */ = {
			isa = XCBuildConfiguration;
			buildSettings = {
				ALWAYS_SEARCH_USER_PATHS = NO;
				ARCHS = "$(ARCHS_STANDARD_INCLUDING_64_BIT)";
				CLANG_CXX_LANGUAGE_STANDARD = "gnu++0x";
				CLANG_CXX_LIBRARY = "libc++";
				CLANG_ENABLE_MODULES = YES;
				CLANG_ENABLE_OBJC_ARC = NO;
				CLANG_WARN_BOOL_CONVERSION = YES;
				CLANG_WARN_CONSTANT_CONVERSION = YES;
				CLANG_WARN_DIRECT_OBJC_ISA_USAGE = YES_ERROR;
				CLANG_WARN_EMPTY_BODY = YES;
				CLANG_WARN_ENUM_CONVERSION = YES;
				CLANG_WARN_INT_CONVERSION = YES;
				CLANG_WARN_OBJC_ROOT_CLASS = YES_ERROR;
				CLANG_WARN__DUPLICATE_METHOD_MATCH = YES;
				"CODE_SIGN_IDENTITY[sdk=iphoneos*]" = "iPhone Developer";
				COPY_PHASE_STRIP = NO;
				GCC_C_LANGUAGE_STANDARD = gnu99;
				GCC_DYNAMIC_NO_PIC = NO;
				GCC_OPTIMIZATION_LEVEL = 0;
				GCC_PREPROCESSOR_DEFINITIONS = (
					"DEBUG=1",
					"$(inherited)",
				);
				GCC_SYMBOLS_PRIVATE_EXTERN = NO;
				GCC_WARN_64_TO_32_BIT_CONVERSION = YES;
				GCC_WARN_ABOUT_RETURN_TYPE = YES_ERROR;
				GCC_WARN_UNDECLARED_SELECTOR = YES;
				GCC_WARN_UNINITIALIZED_AUTOS = YES;
				GCC_WARN_UNUSED_FUNCTION = YES;
				GCC_WARN_UNUSED_VARIABLE = YES;
				IPHONEOS_DEPLOYMENT_TARGET = 7.0;
				ONLY_ACTIVE_ARCH = YES;
				SDKROOT = iphoneos;
			};
			name = Debug;
		};
		0D02721B182D119F00C35B94 /* Release */ = {
			isa = XCBuildConfiguration;
			buildSettings = {
				ALWAYS_SEARCH_USER_PATHS = NO;
				ARCHS = "$(ARCHS_STANDARD_INCLUDING_64_BIT)";
				CLANG_CXX_LANGUAGE_STANDARD = "gnu++0x";
				CLANG_CXX_LIBRARY = "libc++";
				CLANG_ENABLE_MODULES = YES;
				CLANG_ENABLE_OBJC_ARC = NO;
				CLANG_WARN_BOOL_CONVERSION = YES;
				CLANG_WARN_CONSTANT_CONVERSION = YES;
				CLANG_WARN_DIRECT_OBJC_ISA_USAGE = YES_ERROR;
				CLANG_WARN_EMPTY_BODY = YES;
				CLANG_WARN_ENUM_CONVERSION = YES;
				CLANG_WARN_INT_CONVERSION = YES;
				CLANG_WARN_OBJC_ROOT_CLASS = YES_ERROR;
				CLANG_WARN__DUPLICATE_METHOD_MATCH = YES;
				"CODE_SIGN_IDENTITY[sdk=iphoneos*]" = "iPhone Developer";
				COPY_PHASE_STRIP = YES;
				ENABLE_NS_ASSERTIONS = NO;
				GCC_C_LANGUAGE_STANDARD = gnu99;
				GCC_WARN_64_TO_32_BIT_CONVERSION = YES;
				GCC_WARN_ABOUT_RETURN_TYPE = YES_ERROR;
				GCC_WARN_UNDECLARED_SELECTOR = YES;
				GCC_WARN_UNINITIALIZED_AUTOS = YES;
				GCC_WARN_UNUSED_FUNCTION = YES;
				GCC_WARN_UNUSED_VARIABLE = YES;
				IPHONEOS_DEPLOYMENT_TARGET = 7.0;
				SDKROOT = iphoneos;
				VALIDATE_PRODUCT = YES;
			};
			name = Release;
		};
		0D02721D182D119F00C35B94 /* Debug */ = {
			isa = XCBuildConfiguration;
			buildSettings = {
				ASSETCATALOG_COMPILER_APPICON_NAME = AppIcon;
				ASSETCATALOG_COMPILER_LAUNCHIMAGE_NAME = LaunchImage;
				GCC_PRECOMPILE_PREFIX_HEADER = YES;
				GCC_PREFIX_HEADER = "SMSIPAD/SMSIPAD-Prefix.pch";
				INFOPLIST_FILE = "SMSIPAD/SMSIPAD-Info.plist";
				PRODUCT_NAME = "$(TARGET_NAME)";
				WRAPPER_EXTENSION = app;
			};
			name = Debug;
		};
		0D02721E182D119F00C35B94 /* Release */ = {
			isa = XCBuildConfiguration;
			buildSettings = {
				ASSETCATALOG_COMPILER_APPICON_NAME = AppIcon;
				ASSETCATALOG_COMPILER_LAUNCHIMAGE_NAME = LaunchImage;
				GCC_PRECOMPILE_PREFIX_HEADER = YES;
				GCC_PREFIX_HEADER = "SMSIPAD/SMSIPAD-Prefix.pch";
				INFOPLIST_FILE = "SMSIPAD/SMSIPAD-Info.plist";
				PRODUCT_NAME = "$(TARGET_NAME)";
				WRAPPER_EXTENSION = app;
			};
			name = Release;
		};
		0D027220182D119F00C35B94 /* Debug */ = {
			isa = XCBuildConfiguration;
			buildSettings = {
				ARCHS = "$(ARCHS_STANDARD_INCLUDING_64_BIT)";
				BUNDLE_LOADER = "$(BUILT_PRODUCTS_DIR)/SMSIPAD.app/SMSIPAD";
				FRAMEWORK_SEARCH_PATHS = (
					"$(SDKROOT)/Developer/Library/Frameworks",
					"$(inherited)",
					"$(DEVELOPER_FRAMEWORKS_DIR)",
				);
				GCC_PRECOMPILE_PREFIX_HEADER = YES;
				GCC_PREFIX_HEADER = "SMSIPAD/SMSIPAD-Prefix.pch";
				GCC_PREPROCESSOR_DEFINITIONS = (
					"DEBUG=1",
					"$(inherited)",
				);
				INFOPLIST_FILE = "SMSIPADTests/SMSIPADTests-Info.plist";
				PRODUCT_NAME = "$(TARGET_NAME)";
				TEST_HOST = "$(BUNDLE_LOADER)";
				WRAPPER_EXTENSION = xctest;
			};
			name = Debug;
		};
		0D027221182D119F00C35B94 /* Release */ = {
			isa = XCBuildConfiguration;
			buildSettings = {
				ARCHS = "$(ARCHS_STANDARD_INCLUDING_64_BIT)";
				BUNDLE_LOADER = "$(BUILT_PRODUCTS_DIR)/SMSIPAD.app/SMSIPAD";
				FRAMEWORK_SEARCH_PATHS = (
					"$(SDKROOT)/Developer/Library/Frameworks",
					"$(inherited)",
					"$(DEVELOPER_FRAMEWORKS_DIR)",
				);
				GCC_PRECOMPILE_PREFIX_HEADER = YES;
				GCC_PREFIX_HEADER = "SMSIPAD/SMSIPAD-Prefix.pch";
				INFOPLIST_FILE = "SMSIPADTests/SMSIPADTests-Info.plist";
				PRODUCT_NAME = "$(TARGET_NAME)";
				TEST_HOST = "$(BUNDLE_LOADER)";
				WRAPPER_EXTENSION = xctest;
			};
			name = Release;
		};
/* End XCBuildConfiguration section */

/* Begin XCConfigurationList section */
		0D0271E5182D119F00C35B94 /* Build configuration list for PBXProject "SMSIPAD" */ = {
			isa = XCConfigurationList;
			buildConfigurations = (
				0D02721A182D119F00C35B94 /* Debug */,
				0D02721B182D119F00C35B94 /* Release */,
			);
			defaultConfigurationIsVisible = 0;
			defaultConfigurationName = Release;
		};
		0D02721C182D119F00C35B94 /* Build configuration list for PBXNativeTarget "SMSIPAD" */ = {
			isa = XCConfigurationList;
			buildConfigurations = (
				0D02721D182D119F00C35B94 /* Debug */,
				0D02721E182D119F00C35B94 /* Release */,
			);
			defaultConfigurationIsVisible = 0;
			defaultConfigurationName = Release;
		};
		0D02721F182D119F00C35B94 /* Build configuration list for PBXNativeTarget "SMSIPADTests" */ = {
			isa = XCConfigurationList;
			buildConfigurations = (
				0D027220182D119F00C35B94 /* Debug */,
				0D027221182D119F00C35B94 /* Release */,
			);
			defaultConfigurationIsVisible = 0;
			defaultConfigurationName = Release;
		};
/* End XCConfigurationList section */
	};
	rootObject = 0D0271E2182D119F00C35B94 /* Project object */;
}
